
Microsoft Visual Studio Solution File, Format Version 12.00
# Visual Studio Version 16
VisualStudioVersion = 16.0.31321.278
MinimumVisualStudioVersion = 10.0.40219.1
Project("{FAE04EC0-301F-11D3-BF4B-00C04F79EFBC}") = "GCD1670_Assignment1", "GCD1670_Assignment1\GCD1670_Assignment1.csproj", "{60411D82-241E-46FC-BF17-AB708C1EB90E}"
EndProject
Global
	GlobalSection(SolutionConfigurationPlatforms) = preSolution
		Debug|Any CPU = Debug|Any CPU
		Release|Any CPU = Release|Any CPU
	EndGlobalSection
	GlobalSection(ProjectConfigurationPlatforms) = postSolution
		{60411D82-241E-46FC-BF17-AB708C1EB90E}.Debug|Any CPU.ActiveCfg = Debug|Any CPU
		{60411D82-241E-46FC-BF17-AB708C1EB90E}.Debug|Any CPU.Build.0 = Debug|Any CPU
		{60411D82-241E-46FC-BF17-AB708C1EB90E}.Release|Any CPU.ActiveCfg = Release|Any CPU
		{60411D82-241E-46FC-BF17-AB708C1EB90E}.Release|Any CPU.Build.0 = Release|Any CPU
	EndGlobalSection
	GlobalSection(SolutionProperties) = preSolution
		HideSolutionNode = FALSE
	EndGlobalSection
	GlobalSection(ExtensibilityGlobals) = postSolution
		SolutionGuid = {200EA2F2-857F-4AF4-A4FD-F82D39625FC3}
	EndGlobalSection
EndGlobal
